// !$*UTF8*$!
{
	archiveVersion = 1;
	classes = {
	};
	objectVersion = 56;
	objects = {

/* Begin PBXBuildFile section */
		A18CAC5229D13F46008001EA /* AppDelegate.swift in Sources */ = {isa = PBXBuildFile; fileRef = A18CAC5129D13F46008001EA /* AppDelegate.swift */; };
		A18CAC5429D13F46008001EA /* SceneDelegate.swift in Sources */ = {isa = PBXBuildFile; fileRef = A18CAC5329D13F46008001EA /* SceneDelegate.swift */; };
		A18CAC5929D13F46008001EA /* Main.storyboard in Resources */ = {isa = PBXBuildFile; fileRef = A18CAC5729D13F46008001EA /* Main.storyboard */; };
		A18CAC5B29D13F46008001EA /* Assets.xcassets in Resources */ = {isa = PBXBuildFile; fileRef = A18CAC5A29D13F46008001EA /* Assets.xcassets */; };
		A18CAC5E29D13F46008001EA /* LaunchScreen.storyboard in Resources */ = {isa = PBXBuildFile; fileRef = A18CAC5C29D13F46008001EA /* LaunchScreen.storyboard */; };
		A18CAC6629D186D9008001EA /* MainListViewController.swift in Sources */ = {isa = PBXBuildFile; fileRef = A18CAC6529D186D9008001EA /* MainListViewController.swift */; };
		A18CAC6A29D1872F008001EA /* ToDoListViewController.swift in Sources */ = {isa = PBXBuildFile; fileRef = A18CAC6929D1872F008001EA /* ToDoListViewController.swift */; };
		A18CAC6C29D18780008001EA /* AddNewListViewController.swift in Sources */ = {isa = PBXBuildFile; fileRef = A18CAC6B29D18780008001EA /* AddNewListViewController.swift */; };
		A1B22F6B2E25F01700F69474 /* Extension+UIViewController.swift in Sources */ = {isa = PBXBuildFile; fileRef = A1B22F6A2E25F01700F69474 /* Extension+UIViewController.swift */; };
		A1B22F6D2E25F09B00F69474 /* Extension+String.swift in Sources */ = {isa = PBXBuildFile; fileRef = A1B22F6C2E25F09B00F69474 /* Extension+String.swift */; };
		A1B22F732E26B3EA00F69474 /* Extension+UIStoryboard.swift in Sources */ = {isa = PBXBuildFile; fileRef = A1B22F722E26B3EA00F69474 /* Extension+UIStoryboard.swift */; };
		A1D9478F29DC58870079E72F /* TaskDetailViewController.swift in Sources */ = {isa = PBXBuildFile; fileRef = A1D9478E29DC58870079E72F /* TaskDetailViewController.swift */; };
		A1E80AB529D579BE00CBE357 /* Task.swift in Sources */ = {isa = PBXBuildFile; fileRef = A1E80AB429D579BE00CBE357 /* Task.swift */; };
		A1E80AB729D5B74300CBE357 /* TodoManager.swift in Sources */ = {isa = PBXBuildFile; fileRef = A1E80AB629D5B74300CBE357 /* TodoManager.swift */; };
/* End PBXBuildFile section */

/* Begin PBXFileReference section */
		A18CAC4E29D13F46008001EA /* ToDoList.app */ = {isa = PBXFileReference; explicitFileType = wrapper.application; includeInIndex = 0; path = ToDoList.app; sourceTree = BUILT_PRODUCTS_DIR; };
		A18CAC5129D13F46008001EA /* AppDelegate.swift */ = {isa = PBXFileReference; lastKnownFileType = sourcecode.swift; path = AppDelegate.swift; sourceTree = "<group>"; };
		A18CAC5329D13F46008001EA /* SceneDelegate.swift */ = {isa = PBXFileReference; lastKnownFileType = sourcecode.swift; path = SceneDelegate.swift; sourceTree = "<group>"; };
		A18CAC5829D13F46008001EA /* Base */ = {isa = PBXFileReference; lastKnownFileType = file.storyboard; name = Base; path = Base.lproj/Main.storyboard; sourceTree = "<group>"; };
		A18CAC5A29D13F46008001EA /* Assets.xcassets */ = {isa = PBXFileReference; lastKnownFileType = folder.assetcatalog; path = Assets.xcassets; sourceTree = "<group>"; };
		A18CAC5D29D13F46008001EA /* Base */ = {isa = PBXFileReference; lastKnownFileType = file.storyboard; name = Base; path = Base.lproj/LaunchScreen.storyboard; sourceTree = "<group>"; };
		A18CAC5F29D13F46008001EA /* Info.plist */ = {isa = PBXFileReference; lastKnownFileType = text.plist.xml; path = Info.plist; sourceTree = "<group>"; };
		A18CAC6529D186D9008001EA /* MainListViewController.swift */ = {isa = PBXFileReference; lastKnownFileType = sourcecode.swift; path = MainListViewController.swift; sourceTree = "<group>"; };
		A18CAC6929D1872F008001EA /* ToDoListViewController.swift */ = {isa = PBXFileReference; lastKnownFileType = sourcecode.swift; path = ToDoListViewController.swift; sourceTree = "<group>"; };
		A18CAC6B29D18780008001EA /* AddNewListViewController.swift */ = {isa = PBXFileReference; lastKnownFileType = sourcecode.swift; path = AddNewListViewController.swift; sourceTree = "<group>"; };
		A1B22F6A2E25F01700F69474 /* Extension+UIViewController.swift */ = {isa = PBXFileReference; lastKnownFileType = sourcecode.swift; path = "Extension+UIViewController.swift"; sourceTree = "<group>"; };
		A1B22F6C2E25F09B00F69474 /* Extension+String.swift */ = {isa = PBXFileReference; lastKnownFileType = sourcecode.swift; path = "Extension+String.swift"; sourceTree = "<group>"; };
		A1B22F722E26B3EA00F69474 /* Extension+UIStoryboard.swift */ = {isa = PBXFileReference; lastKnownFileType = sourcecode.swift; path = "Extension+UIStoryboard.swift"; sourceTree = "<group>"; };
		A1D9478E29DC58870079E72F /* TaskDetailViewController.swift */ = {isa = PBXFileReference; lastKnownFileType = sourcecode.swift; path = TaskDetailViewController.swift; sourceTree = "<group>"; };
		A1E80AB429D579BE00CBE357 /* Task.swift */ = {isa = PBXFileReference; lastKnownFileType = sourcecode.swift; path = Task.swift; sourceTree = "<group>"; };
		A1E80AB629D5B74300CBE357 /* TodoManager.swift */ = {isa = PBXFileReference; lastKnownFileType = sourcecode.swift; path = TodoManager.swift; sourceTree = "<group>"; };
/* End PBXFileReference section */

/* Begin PBXFrameworksBuildPhase section */
		A18CAC4B29D13F46008001EA /* Frameworks */ = {
			isa = PBXFrameworksBuildPhase;
			buildActionMask = 2147483647;
			files = (
			);
			runOnlyForDeploymentPostprocessing = 0;
		};
/* End PBXFrameworksBuildPhase section */

/* Begin PBXGroup section */
		A18CAC4529D13F46008001EA = {
			isa = PBXGroup;
			children = (
				A18CAC5029D13F46008001EA /* ToDoList */,
				A18CAC4F29D13F46008001EA /* Products */,
			);
			sourceTree = "<group>";
		};
		A18CAC4F29D13F46008001EA /* Products */ = {
			isa = PBXGroup;
			children = (
				A18CAC4E29D13F46008001EA /* ToDoList.app */,
			);
			name = Products;
			sourceTree = "<group>";
		};
		A18CAC5029D13F46008001EA /* ToDoList */ = {
			isa = PBXGroup;
			children = (
				A18CAC5129D13F46008001EA /* AppDelegate.swift */,
				A18CAC5329D13F46008001EA /* SceneDelegate.swift */,
				A1E80AB429D579BE00CBE357 /* Task.swift */,
				A1E80AB629D5B74300CBE357 /* TodoManager.swift */,
				A18CAC5729D13F46008001EA /* Main.storyboard */,
				A18CAC6529D186D9008001EA /* MainListViewController.swift */,
				A18CAC6B29D18780008001EA /* AddNewListViewController.swift */,
				A18CAC6929D1872F008001EA /* ToDoListViewController.swift */,
				A1D9478E29DC58870079E72F /* TaskDetailViewController.swift */,
				A18CAC5A29D13F46008001EA /* Assets.xcassets */,
				A18CAC5C29D13F46008001EA /* LaunchScreen.storyboard */,
				A18CAC5F29D13F46008001EA /* Info.plist */,
				A1B22F6A2E25F01700F69474 /* Extension+UIViewController.swift */,
				A1B22F6C2E25F09B00F69474 /* Extension+String.swift */,
				A1B22F722E26B3EA00F69474 /* Extension+UIStoryboard.swift */,
			);
			path = ToDoList;
			sourceTree = "<group>";
		};
/* End PBXGroup section */

/* Begin PBXNativeTarget section */
		A18CAC4D29D13F46008001EA /* ToDoList */ = {
			isa = PBXNativeTarget;
			buildConfigurationList = A18CAC6229D13F46008001EA /* Build configuration list for PBXNativeTarget "ToDoList" */;
			buildPhases = (
				A18CAC4A29D13F46008001EA /* Sources */,
				A18CAC4B29D13F46008001EA /* Frameworks */,
				A18CAC4C29D13F46008001EA /* Resources */,
			);
			buildRules = (
			);
			dependencies = (
			);
			name = ToDoList;
			productName = ToDoList;
			productReference = A18CAC4E29D13F46008001EA /* ToDoList.app */;
			productType = "com.apple.product-type.application";
		};
/* End PBXNativeTarget section */

/* Begin PBXProject section */
		A18CAC4629D13F46008001EA /* Project object */ = {
			isa = PBXProject;
			attributes = {
				BuildIndependentTargetsInParallel = 1;
				LastSwiftUpdateCheck = 1420;
				LastUpgradeCheck = 1420;
				TargetAttributes = {
					A18CAC4D29D13F46008001EA = {
						CreatedOnToolsVersion = 14.2;
					};
				};
			};
			buildConfigurationList = A18CAC4929D13F46008001EA /* Build configuration list for PBXProject "ToDoList" */;
			compatibilityVersion = "Xcode 14.0";
			developmentRegion = en;
			hasScannedForEncodings = 0;
			knownRegions = (
				en,
				Base,
			);
			mainGroup = A18CAC4529D13F46008001EA;
			productRefGroup = A18CAC4F29D13F46008001EA /* Products */;
			projectDirPath = "";
			projectRoot = "";
			targets = (
				A18CAC4D29D13F46008001EA /* ToDoList */,
			);
		};
/* End PBXProject section */

/* Begin PBXResourcesBuildPhase section */
		A18CAC4C29D13F46008001EA /* Resources */ = {
			isa = PBXResourcesBuildPhase;
			buildActionMask = 2147483647;
			files = (
				A18CAC5E29D13F46008001EA /* LaunchScreen.storyboard in Resources */,
				A18CAC5B29D13F46008001EA /* Assets.xcassets in Resources */,
				A18CAC5929D13F46008001EA /* Main.storyboard in Resources */,
			);
			runOnlyForDeploymentPostprocessing = 0;
		};
/* End PBXResourcesBuildPhase section */

/* Begin PBXSourcesBuildPhase section */
		A18CAC4A29D13F46008001EA /* Sources */ = {
			isa = PBXSourcesBuildPhase;
			buildActionMask = 2147483647;
			files = (
				A1B22F6D2E25F09B00F69474 /* Extension+String.swift in Sources */,
				A18CAC6629D186D9008001EA /* MainListViewController.swift in Sources */,
				A1E80AB729D5B74300CBE357 /* TodoManager.swift in Sources */,
				A1B22F732E26B3EA00F69474 /* Extension+UIStoryboard.swift in Sources */,
				A18CAC6C29D18780008001EA /* AddNewListViewController.swift in Sources */,
				A18CAC5229D13F46008001EA /* AppDelegate.swift in Sources */,
				A18CAC6A29D1872F008001EA /* ToDoListViewController.swift in Sources */,
				A1E80AB529D579BE00CBE357 /* Task.swift in Sources */,
				A1D9478F29DC58870079E72F /* TaskDetailViewController.swift in Sources */,
				A18CAC5429D13F46008001EA /* SceneDelegate.swift in Sources */,
				A1B22F6B2E25F01700F69474 /* Extension+UIViewController.swift in Sources */,
			);
			runOnlyForDeploymentPostprocessing = 0;
		};
/* End PBXSourcesBuildPhase section */

/* Begin PBXVariantGroup section */
		A18CAC5729D13F46008001EA /* Main.storyboard */ = {
			isa = PBXVariantGroup;
			children = (
				A18CAC5829D13F46008001EA /* Base */,
			);
			name = Main.storyboard;
			sourceTree = "<group>";
		};
		A18CAC5C29D13F46008001EA /* LaunchScreen.storyboard */ = {
			isa = PBXVariantGroup;
			children = (
				A18CAC5D29D13F46008001EA /* Base */,
			);
			name = LaunchScreen.storyboard;
			sourceTree = "<group>";
		};
/* End PBXVariantGroup section */

/* Begin XCBuildConfiguration section */
		A18CAC6029D13F46008001EA /* Debug */ = {
			isa = XCBuildConfiguration;
			buildSettings = {
				ALWAYS_SEARCH_USER_PATHS = NO;
				CLANG_ANALYZER_NONNULL = YES;
				CLANG_ANALYZER_NUMBER_OBJECT_CONVERSION = YES_AGGRESSIVE;
				CLANG_CXX_LANGUAGE_STANDARD = "gnu++20";
				CLANG_ENABLE_MODULES = YES;
				CLANG_ENABLE_OBJC_ARC = YES;
				CLANG_ENABLE_OBJC_WEAK = YES;
				CLANG_WARN_BLOCK_CAPTURE_AUTORELEASING = YES;
				CLANG_WARN_BOOL_CONVERSION = YES;
				CLANG_WARN_COMMA = YES;
				CLANG_WARN_CONSTANT_CONVERSION = YES;
				CLANG_WARN_DEPRECATED_OBJC_IMPLEMENTATIONS = YES;
				CLANG_WARN_DIRECT_OBJC_ISA_USAGE = YES_ERROR;
				CLANG_WARN_DOCUMENTATION_COMMENTS = YES;
				CLANG_WARN_EMPTY_BODY = YES;
				CLANG_WARN_ENUM_CONVERSION = YES;
				CLANG_WARN_INFINITE_RECURSION = YES;
				CLANG_WARN_INT_CONVERSION = YES;
				CLANG_WARN_NON_LITERAL_NULL_CONVERSION = YES;
				CLANG_WARN_OBJC_IMPLICIT_RETAIN_SELF = YES;
				CLANG_WARN_OBJC_LITERAL_CONVERSION = YES;
				CLANG_WARN_OBJC_ROOT_CLASS = YES_ERROR;
				CLANG_WARN_QUOTED_INCLUDE_IN_FRAMEWORK_HEADER = YES;
				CLANG_WARN_RANGE_LOOP_ANALYSIS = YES;
				CLANG_WARN_STRICT_PROTOTYPES = YES;
				CLANG_WARN_SUSPICIOUS_MOVE = YES;
				CLANG_WARN_UNGUARDED_AVAILABILITY = YES_AGGRESSIVE;
				CLANG_WARN_UNREACHABLE_CODE = YES;
				CLANG_WARN__DUPLICATE_METHOD_MATCH = YES;
				COPY_PHASE_STRIP = NO;
				DEBUG_INFORMATION_FORMAT = dwarf;
				ENABLE_STRICT_OBJC_MSGSEND = YES;
				ENABLE_TESTABILITY = YES;
				GCC_C_LANGUAGE_STANDARD = gnu11;
				GCC_DYNAMIC_NO_PIC = NO;
				GCC_NO_COMMON_BLOCKS = YES;
				GCC_OPTIMIZATION_LEVEL = 0;
				GCC_PREPROCESSOR_DEFINITIONS = (
					"DEBUG=1",
					"$(inherited)",
				);
				GCC_WARN_64_TO_32_BIT_CONVERSION = YES;
				GCC_WARN_ABOUT_RETURN_TYPE = YES_ERROR;
				GCC_WARN_UNDECLARED_SELECTOR = YES;
				GCC_WARN_UNINITIALIZED_AUTOS = YES_AGGRESSIVE;
				GCC_WARN_UNUSED_FUNCTION = YES;
				GCC_WARN_UNUSED_VARIABLE = YES;
				IPHONEOS_DEPLOYMENT_TARGET = 16.2;
				MTL_ENABLE_DEBUG_INFO = INCLUDE_SOURCE;
				MTL_FAST_MATH = YES;
				ONLY_ACTIVE_ARCH = YES;
				SDKROOT = iphoneos;
				SWIFT_ACTIVE_COMPILATION_CONDITIONS = DEBUG;
				SWIFT_OPTIMIZATION_LEVEL = "-Onone";
			};
			name = Debug;
		};
		A18CAC6129D13F46008001EA /* Release */ = {
			isa = XCBuildConfiguration;
			buildSettings = {
				ALWAYS_SEARCH_USER_PATHS = NO;
				CLANG_ANALYZER_NONNULL = YES;
				CLANG_ANALYZER_NUMBER_OBJECT_CONVERSION = YES_AGGRESSIVE;
				CLANG_CXX_LANGUAGE_STANDARD = "gnu++20";
				CLANG_ENABLE_MODULES = YES;
				CLANG_ENABLE_OBJC_ARC = YES;
				CLANG_ENABLE_OBJC_WEAK = YES;
				CLANG_WARN_BLOCK_CAPTURE_AUTORELEASING = YES;
				CLANG_WARN_BOOL_CONVERSION = YES;
				CLANG_WARN_COMMA = YES;
				CLANG_WARN_CONSTANT_CONVERSION = YES;
				CLANG_WARN_DEPRECATED_OBJC_IMPLEMENTATIONS = YES;
				CLANG_WARN_DIRECT_OBJC_ISA_USAGE = YES_ERROR;
				CLANG_WARN_DOCUMENTATION_COMMENTS = YES;
				CLANG_WARN_EMPTY_BODY = YES;
				CLANG_WARN_ENUM_CONVERSION = YES;
				CLANG_WARN_INFINITE_RECURSION = YES;
				CLANG_WARN_INT_CONVERSION = YES;
				CLANG_WARN_NON_LITERAL_NULL_CONVERSION = YES;
				CLANG_WARN_OBJC_IMPLICIT_RETAIN_SELF = YES;
				CLANG_WARN_OBJC_LITERAL_CONVERSION = YES;
				CLANG_WARN_OBJC_ROOT_CLASS = YES_ERROR;
				CLANG_WARN_QUOTED_INCLUDE_IN_FRAMEWORK_HEADER = YES;
				CLANG_WARN_RANGE_LOOP_ANALYSIS = YES;
				CLANG_WARN_STRICT_PROTOTYPES = YES;
				CLANG_WARN_SUSPICIOUS_MOVE = YES;
				CLANG_WARN_UNGUARDED_AVAILABILITY = YES_AGGRESSIVE;
				CLANG_WARN_UNREACHABLE_CODE = YES;
				CLANG_WARN__DUPLICATE_METHOD_MATCH = YES;
				COPY_PHASE_STRIP = NO;
				DEBUG_INFORMATION_FORMAT = "dwarf-with-dsym";
				ENABLE_NS_ASSERTIONS = NO;
				ENABLE_STRICT_OBJC_MSGSEND = YES;
				GCC_C_LANGUAGE_STANDARD = gnu11;
				GCC_NO_COMMON_BLOCKS = YES;
				GCC_WARN_64_TO_32_BIT_CONVERSION = YES;
				GCC_WARN_ABOUT_RETURN_TYPE = YES_ERROR;
				GCC_WARN_UNDECLARED_SELECTOR = YES;
				GCC_WARN_UNINITIALIZED_AUTOS = YES_AGGRESSIVE;
				GCC_WARN_UNUSED_FUNCTION = YES;
				GCC_WARN_UNUSED_VARIABLE = YES;
				IPHONEOS_DEPLOYMENT_TARGET = 16.2;
				MTL_ENABLE_DEBUG_INFO = NO;
				MTL_FAST_MATH = YES;
				SDKROOT = iphoneos;
				SWIFT_COMPILATION_MODE = wholemodule;
				SWIFT_OPTIMIZATION_LEVEL = "-O";
				VALIDATE_PRODUCT = YES;
			};
			name = Release;
		};
		A18CAC6329D13F46008001EA /* Debug */ = {
			isa = XCBuildConfiguration;
			buildSettings = {
				ASSETCATALOG_COMPILER_APPICON_NAME = AppIcon;
				ASSETCATALOG_COMPILER_GLOBAL_ACCENT_COLOR_NAME = AccentColor;
				CODE_SIGN_STYLE = Automatic;
				CURRENT_PROJECT_VERSION = 1;
				DEVELOPMENT_TEAM = 6N8M4PHX7P;
				GENERATE_INFOPLIST_FILE = YES;
				INFOPLIST_FILE = ToDoList/Info.plist;
				INFOPLIST_KEY_UIApplicationSupportsIndirectInputEvents = YES;
				INFOPLIST_KEY_UILaunchStoryboardName = LaunchScreen;
				INFOPLIST_KEY_UIMainStoryboardFile = Main;
				INFOPLIST_KEY_UISupportedInterfaceOrientations = UIInterfaceOrientationPortrait;
				INFOPLIST_KEY_UISupportedInterfaceOrientations_iPad = "UIInterfaceOrientationLandscapeLeft UIInterfaceOrientationLandscapeRight UIInterfaceOrientationPortrait UIInterfaceOrientationPortraitUpsideDown";
				IPHONEOS_DEPLOYMENT_TARGET = 16.0;
				LD_RUNPATH_SEARCH_PATHS = (
					"$(inherited)",
					"@executable_path/Frameworks",
				);
				MARKETING_VERSION = 1.0;
				PRODUCT_BUNDLE_IDENTIFIER = emily.ToDoList;
				PRODUCT_NAME = "$(TARGET_NAME)";
				SUPPORTED_PLATFORMS = "iphoneos iphonesimulator";
				SUPPORTS_MACCATALYST = NO;
				SUPPORTS_MAC_DESIGNED_FOR_IPHONE_IPAD = NO;
				SUPPORTS_XR_DESIGNED_FOR_IPHONE_IPAD = NO;
				SWIFT_EMIT_LOC_STRINGS = YES;
				SWIFT_VERSION = 5.0;
				TARGETED_DEVICE_FAMILY = 1;
			};
			name = Debug;
		};
		A18CAC6429D13F46008001EA /* Release */ = {
			isa = XCBuildConfiguration;
			buildSettings = {
				ASSETCATALOG_COMPILER_APPICON_NAME = AppIcon;
				ASSETCATALOG_COMPILER_GLOBAL_ACCENT_COLOR_NAME = AccentColor;
				CODE_SIGN_STYLE = Automatic;
				CURRENT_PROJECT_VERSION = 1;
				DEVELOPMENT_TEAM = 6N8M4PHX7P;
				GENERATE_INFOPLIST_FILE = YES;
				INFOPLIST_FILE = ToDoList/Info.plist;
				INFOPLIST_KEY_UIApplicationSupportsIndirectInputEvents = YES;
				INFOPLIST_KEY_UILaunchStoryboardName = LaunchScreen;
				INFOPLIST_KEY_UIMainStoryboardFile = Main;
				INFOPLIST_KEY_UISupportedInterfaceOrientations = UIInterfaceOrientationPortrait;
				INFOPLIST_KEY_UISupportedInterfaceOrientations_iPad = "UIInterfaceOrientationLandscapeLeft UIInterfaceOrientationLandscapeRight UIInterfaceOrientationPortrait UIInterfaceOrientationPortraitUpsideDown";
				IPHONEOS_DEPLOYMENT_TARGET = 16.0;
				LD_RUNPATH_SEARCH_PATHS = (
					"$(inherited)",
					"@executable_path/Frameworks",
				);
				MARKETING_VERSION = 1.0;
				PRODUCT_BUNDLE_IDENTIFIER = emily.ToDoList;
				PRODUCT_NAME = "$(TARGET_NAME)";
				SUPPORTED_PLATFORMS = "iphoneos iphonesimulator";
				SUPPORTS_MACCATALYST = NO;
				SUPPORTS_MAC_DESIGNED_FOR_IPHONE_IPAD = NO;
				SUPPORTS_XR_DESIGNED_FOR_IPHONE_IPAD = NO;
				SWIFT_EMIT_LOC_STRINGS = YES;
				SWIFT_VERSION = 5.0;
				TARGETED_DEVICE_FAMILY = 1;
			};
			name = Release;
		};
/* End XCBuildConfiguration section */

/* Begin XCConfigurationList section */
		A18CAC4929D13F46008001EA /* Build configuration list for PBXProject "ToDoList" */ = {
			isa = XCConfigurationList;
			buildConfigurations = (
				A18CAC6029D13F46008001EA /* Debug */,
				A18CAC6129D13F46008001EA /* Release */,
			);
			defaultConfigurationIsVisible = 0;
			defaultConfigurationName = Release;
		};
		A18CAC6229D13F46008001EA /* Build configuration list for PBXNativeTarget "ToDoList" */ = {
			isa = XCConfigurationList;
			buildConfigurations = (
				A18CAC6329D13F46008001EA /* Debug */,
				A18CAC6429D13F46008001EA /* Release */,
			);
			defaultConfigurationIsVisible = 0;
			defaultConfigurationName = Release;
		};
/* End XCConfigurationList section */
	};
	rootObject = A18CAC4629D13F46008001EA /* Project object */;
}
